# This file is automatically @generated by Cargo.
# It is not intended for manual editing.
version = 4

[[package]]
name = "parse-zoneinfo"
version = "0.5.0"
source = "registry+https://github.com/rust-lang/crates.io-index"
checksum = "052ff849639942444955d93311f17caa86c9d77164a3dfc3b477b066246a5a79"

[[package]]
name = "tz-info-generator-rs"
version = "0.1.0"
dependencies = [
 "parse-zoneinfo",
]
